
Microsoft Visual Studio Solution File, Format Version 12.00
# Visual Studio Version 17
VisualStudioVersion = 17.8.34330.188
MinimumVisualStudioVersion = 10.0.40219.1
Project("{FAE04EC0-301F-11D3-BF4B-00C04F79EFBC}") = "Lab2", "Lab2\Lab2.csproj", "{3C350B3D-C04E-447F-A3D8-E660F27CEF46}"
EndProject
Global
	GlobalSection(SolutionConfigurationPlatforms) = preSolution
		Debug|Any CPU = Debug|Any CPU
		Release|Any CPU = Release|Any CPU
	EndGlobalSection
	GlobalSection(ProjectConfigurationPlatforms) = postSolution
		{3C350B3D-C04E-447F-A3D8-E660F27CEF46}.Debug|Any CPU.ActiveCfg = Debug|Any CPU
		{3C350B3D-C04E-447F-A3D8-E660F27CEF46}.Debug|Any CPU.Build.0 = Debug|Any CPU
		{3C350B3D-C04E-447F-A3D8-E660F27CEF46}.Release|Any CPU.ActiveCfg = Release|Any CPU
		{3C350B3D-C04E-447F-A3D8-E660F27CEF46}.Release|Any CPU.Build.0 = Release|Any CPU
	EndGlobalSection
	GlobalSection(SolutionProperties) = preSolution
		HideSolutionNode = FALSE
	EndGlobalSection
	GlobalSection(ExtensibilityGlobals) = postSolution
		SolutionGuid = {FE905BEF-DF17-4D55-8040-43444951FBB7}
	EndGlobalSection
EndGlobal
